hash: c1d67e3f9f4af3d7dfb9cb2fa063daac80973b816469f5164ac354a0c2e7a293
updated: 2017-06-24T15:09:10.778090692-04:00
imports:
- name: github.com/BurntSushi/toml
  version: b26d9c308763d68093482582cea63d69be07a0f0
- name: github.com/inconshreveable/mousetrap
  version: 76626ae9c91c4f2a10f34cad8ce83ea42c93bb75
- name: github.com/opencontainers/runtime-spec
  version: 63b7c6c338e771fa52bd06ba1b5c1d5e9e51876a
  subpackages:
  - specs-go
- name: github.com/spf13/cobra
  version: 4d647c8944eb42504a714e57e97f244ed6344722
- name: github.com/spf13/pflag
  version: e57e3eeb33f795204c1ca35f56c44f83227c6e66
testImports: []
