# This file is autogenerated, do not edit; changes may be undone by the next 'dep ensure'.


[[projects]]
  name = "github.com/BurntSushi/toml"
  packages = ["."]
  revision = "b26d9c308763d68093482582cea63d69be07a0f0"
  version = "v0.3.0"

[[projects]]
  branch = "master"
  name = "github.com/inconshreveable/mousetrap"
  packages = ["."]
  revision = "76626ae9c91c4f2a10f34cad8ce83ea42c93bb75"

[[projects]]
  name = "github.com/jessfraz/bane"
  packages = ["apparmor"]
  revision = "0259f4a04ecc5c683b885167198f1a5e17e94b4b"
  version = "v0.2.2"

[[projects]]
  name = "github.com/opencontainers/runtime-spec"
  packages = ["specs-go"]
  revision = "64d8e8e17eeba231695e625b4e2a9a409a3ad3d9"
  version = "v1.0.0-rc6"

[[projects]]
  branch = "master"
  name = "github.com/spf13/cobra"
  packages = ["."]
  revision = "d994347edadc56d6a7f863775fb6887606685ae6"

[[projects]]
  branch = "master"
  name = "github.com/spf13/pflag"
  packages = ["."]
  revision = "e57e3eeb33f795204c1ca35f56c44f83227c6e66"

[solve-meta]
  analyzer-name = "dep"
  analyzer-version = 1
  inputs-digest = "2950f5fc3ee0746f817919e975de0dad4e9e75811dc78f124ea87e97e4337d81"
  solver-name = "gps-cdcl"
  solver-version = 1
